
Microsoft Visual Studio Solution File, Format Version 12.00
# Visual Studio 2012
Project("{FAE04EC0-301F-11D3-BF4B-00C04F79EFBC}") = "Renderly", "Renderly\Renderly.csproj", "{4254FFE4-51D6-4240-9C1F-C70849EE85A1}"
EndProject
Project("{FAE04EC0-301F-11D3-BF4B-00C04F79EFBC}") = "RenderlyApp", "RenderlyApp\RenderlyApp.csproj", "{D77AC3BF-3FE6-4825-9D27-5751E2B94017}"
EndProject
Project("{FAE04EC0-301F-11D3-BF4B-00C04F79EFBC}") = "RenderlyTests", "RenderlyTests\RenderlyTests.csproj", "{C2F85C4A-380C-4A82-A7D1-FEC00480B1F1}"
EndProject
Project("{2150E333-8FDC-42A3-9474-1A3956D46DE8}") = ".nuget", ".nuget", "{5544A892-5F78-44C4-81EC-CD94767A8182}"
	ProjectSection(SolutionItems) = preProject
		.nuget\NuGet.Config = .nuget\NuGet.Config
		.nuget\NuGet.exe = .nuget\NuGet.exe
		.nuget\NuGet.targets = .nuget\NuGet.targets
	EndProjectSection
EndProject
Global
	GlobalSection(SolutionConfigurationPlatforms) = preSolution
		Debug|Any CPU = Debug|Any CPU
		Release|Any CPU = Release|Any CPU
	EndGlobalSection
	GlobalSection(ProjectConfigurationPlatforms) = postSolution
		{4254FFE4-51D6-4240-9C1F-C70849EE85A1}.Debug|Any CPU.ActiveCfg = Debug|Any CPU
		{4254FFE4-51D6-4240-9C1F-C70849EE85A1}.Debug|Any CPU.Build.0 = Debug|Any CPU
		{4254FFE4-51D6-4240-9C1F-C70849EE85A1}.Release|Any CPU.ActiveCfg = Release|Any CPU
		{4254FFE4-51D6-4240-9C1F-C70849EE85A1}.Release|Any CPU.Build.0 = Release|Any CPU
		{D77AC3BF-3FE6-4825-9D27-5751E2B94017}.Debug|Any CPU.ActiveCfg = Debug|Any CPU
		{D77AC3BF-3FE6-4825-9D27-5751E2B94017}.Debug|Any CPU.Build.0 = Debug|Any CPU
		{D77AC3BF-3FE6-4825-9D27-5751E2B94017}.Release|Any CPU.ActiveCfg = Release|Any CPU
		{D77AC3BF-3FE6-4825-9D27-5751E2B94017}.Release|Any CPU.Build.0 = Release|Any CPU
		{C2F85C4A-380C-4A82-A7D1-FEC00480B1F1}.Debug|Any CPU.ActiveCfg = Debug|Any CPU
		{C2F85C4A-380C-4A82-A7D1-FEC00480B1F1}.Debug|Any CPU.Build.0 = Debug|Any CPU
		{C2F85C4A-380C-4A82-A7D1-FEC00480B1F1}.Release|Any CPU.ActiveCfg = Release|Any CPU
		{C2F85C4A-380C-4A82-A7D1-FEC00480B1F1}.Release|Any CPU.Build.0 = Release|Any CPU
	EndGlobalSection
	GlobalSection(SolutionProperties) = preSolution
		HideSolutionNode = FALSE
	EndGlobalSection
EndGlobal
